
Microsoft Visual Studio Solution File, Format Version 12.00
# Visual Studio 15
VisualStudioVersion = 15.0.27703.2035
MinimumVisualStudioVersion = 10.0.40219.1
Project("{FAE04EC0-301F-11D3-BF4B-00C04F79EFBC}") = "ExamenPacman", "ExamenPacman\ExamenPacman.csproj", "{F23FA892-647D-4523-A249-6F4842BF0D01}"
EndProject
Global
	GlobalSection(SolutionConfigurationPlatforms) = preSolution
		Debug|Any CPU = Debug|Any CPU
		Release|Any CPU = Release|Any CPU
	EndGlobalSection
	GlobalSection(ProjectConfigurationPlatforms) = postSolution
		{F23FA892-647D-4523-A249-6F4842BF0D01}.Debug|Any CPU.ActiveCfg = Debug|Any CPU
		{F23FA892-647D-4523-A249-6F4842BF0D01}.Debug|Any CPU.Build.0 = Debug|Any CPU
		{F23FA892-647D-4523-A249-6F4842BF0D01}.Release|Any CPU.ActiveCfg = Release|Any CPU
		{F23FA892-647D-4523-A249-6F4842BF0D01}.Release|Any CPU.Build.0 = Release|Any CPU
	EndGlobalSection
	GlobalSection(SolutionProperties) = preSolution
		HideSolutionNode = FALSE
	EndGlobalSection
	GlobalSection(ExtensibilityGlobals) = postSolution
		SolutionGuid = {A663FF4F-991C-4740-A2E7-FAD8232FAE83}
	EndGlobalSection
EndGlobal
